// !$*UTF8*$!
{
	archiveVersion = 1;
	classes = {
	};
	objectVersion = 55;
	objects = {

/* Begin PBXBuildFile section */
		21EB109ECBE04E31FC5780BD /* Pods_viaplay.framework in Frameworks */ = {isa = PBXBuildFile; fileRef = 49D849FE5EDA80603B7BFAF9 /* Pods_viaplay.framework */; };
		52DB1EEC273BEBE60004D27E /* AppDelegate.swift in Sources */ = {isa = PBXBuildFile; fileRef = 52DB1EEB273BEBE60004D27E /* AppDelegate.swift */; };
		52DB1EF5273BEBEB0004D27E /* Assets.xcassets in Resources */ = {isa = PBXBuildFile; fileRef = 52DB1EF4273BEBEB0004D27E /* Assets.xcassets */; };
		52DB1EF8273BEBEB0004D27E /* LaunchScreen.storyboard in Resources */ = {isa = PBXBuildFile; fileRef = 52DB1EF6273BEBEB0004D27E /* LaunchScreen.storyboard */; };
		52DB1F03273BFD270004D27E /* BaseAPI.swift in Sources */ = {isa = PBXBuildFile; fileRef = 52DB1F02273BFD270004D27E /* BaseAPI.swift */; };
		52DB1F05273BFE1B0004D27E /* ViaplayAPI.swift in Sources */ = {isa = PBXBuildFile; fileRef = 52DB1F04273BFE1B0004D27E /* ViaplayAPI.swift */; };
		52DB1F0A273BFEA00004D27E /* ViaplayTarget.swift in Sources */ = {isa = PBXBuildFile; fileRef = 52DB1F09273BFEA00004D27E /* ViaplayTarget.swift */; };
		52DB1F0C273C012C0004D27E /* SectionsDTO.swift in Sources */ = {isa = PBXBuildFile; fileRef = 52DB1F0B273C012C0004D27E /* SectionsDTO.swift */; };
		52DB1F0F273C01520004D27E /* DTO.swift in Sources */ = {isa = PBXBuildFile; fileRef = 52DB1F0E273C01520004D27E /* DTO.swift */; };
		52DB1F11273C02CD0004D27E /* SectionDTO.swift in Sources */ = {isa = PBXBuildFile; fileRef = 52DB1F10273C02CD0004D27E /* SectionDTO.swift */; };
		52DB1F13273C03630004D27E /* ViaplayAPIProtocol.swift in Sources */ = {isa = PBXBuildFile; fileRef = 52DB1F12273C03630004D27E /* ViaplayAPIProtocol.swift */; };
/* End PBXBuildFile section */

/* Begin PBXFileReference section */
		45339406351165796D500D2E /* Pods-viaplay.debug.xcconfig */ = {isa = PBXFileReference; includeInIndex = 1; lastKnownFileType = text.xcconfig; name = "Pods-viaplay.debug.xcconfig"; path = "Target Support Files/Pods-viaplay/Pods-viaplay.debug.xcconfig"; sourceTree = "<group>"; };
		49D849FE5EDA80603B7BFAF9 /* Pods_viaplay.framework */ = {isa = PBXFileReference; explicitFileType = wrapper.framework; includeInIndex = 0; path = Pods_viaplay.framework; sourceTree = BUILT_PRODUCTS_DIR; };
		52DB1EE8273BEBE60004D27E /* viaplay.app */ = {isa = PBXFileReference; explicitFileType = wrapper.application; includeInIndex = 0; path = viaplay.app; sourceTree = BUILT_PRODUCTS_DIR; };
		52DB1EEB273BEBE60004D27E /* AppDelegate.swift */ = {isa = PBXFileReference; lastKnownFileType = sourcecode.swift; path = AppDelegate.swift; sourceTree = "<group>"; };
		52DB1EF4273BEBEB0004D27E /* Assets.xcassets */ = {isa = PBXFileReference; lastKnownFileType = folder.assetcatalog; path = Assets.xcassets; sourceTree = "<group>"; };
		52DB1EF7273BEBEB0004D27E /* Base */ = {isa = PBXFileReference; lastKnownFileType = file.storyboard; name = Base; path = Base.lproj/LaunchScreen.storyboard; sourceTree = "<group>"; };
		52DB1EF9273BEBEB0004D27E /* Info.plist */ = {isa = PBXFileReference; lastKnownFileType = text.plist.xml; path = Info.plist; sourceTree = "<group>"; };
		52DB1F02273BFD270004D27E /* BaseAPI.swift */ = {isa = PBXFileReference; lastKnownFileType = sourcecode.swift; path = BaseAPI.swift; sourceTree = "<group>"; };
		52DB1F04273BFE1B0004D27E /* ViaplayAPI.swift */ = {isa = PBXFileReference; lastKnownFileType = sourcecode.swift; path = ViaplayAPI.swift; sourceTree = "<group>"; };
		52DB1F09273BFEA00004D27E /* ViaplayTarget.swift */ = {isa = PBXFileReference; lastKnownFileType = sourcecode.swift; path = ViaplayTarget.swift; sourceTree = "<group>"; };
		52DB1F0B273C012C0004D27E /* SectionsDTO.swift */ = {isa = PBXFileReference; lastKnownFileType = sourcecode.swift; path = SectionsDTO.swift; sourceTree = "<group>"; };
		52DB1F0E273C01520004D27E /* DTO.swift */ = {isa = PBXFileReference; lastKnownFileType = sourcecode.swift; path = DTO.swift; sourceTree = "<group>"; };
		52DB1F10273C02CD0004D27E /* SectionDTO.swift */ = {isa = PBXFileReference; lastKnownFileType = sourcecode.swift; path = SectionDTO.swift; sourceTree = "<group>"; };
		52DB1F12273C03630004D27E /* ViaplayAPIProtocol.swift */ = {isa = PBXFileReference; lastKnownFileType = sourcecode.swift; path = ViaplayAPIProtocol.swift; sourceTree = "<group>"; };
		DE365747C8AEBB1635AD9823 /* Pods-viaplay.release.xcconfig */ = {isa = PBXFileReference; includeInIndex = 1; lastKnownFileType = text.xcconfig; name = "Pods-viaplay.release.xcconfig"; path = "Target Support Files/Pods-viaplay/Pods-viaplay.release.xcconfig"; sourceTree = "<group>"; };
/* End PBXFileReference section */

/* Begin PBXFrameworksBuildPhase section */
		52DB1EE5273BEBE60004D27E /* Frameworks */ = {
			isa = PBXFrameworksBuildPhase;
			buildActionMask = 2147483647;
			files = (
				21EB109ECBE04E31FC5780BD /* Pods_viaplay.framework in Frameworks */,
			);
			runOnlyForDeploymentPostprocessing = 0;
		};
/* End PBXFrameworksBuildPhase section */

/* Begin PBXGroup section */
		50CE6B89C1E77C70DD7F9975 /* Frameworks */ = {
			isa = PBXGroup;
			children = (
				49D849FE5EDA80603B7BFAF9 /* Pods_viaplay.framework */,
			);
			name = Frameworks;
			sourceTree = "<group>";
		};
		52DB1EDF273BEBE60004D27E = {
			isa = PBXGroup;
			children = (
				52DB1EEA273BEBE60004D27E /* viaplay */,
				52DB1EE9273BEBE60004D27E /* Products */,
				8A1173F90C67663E0A470CE1 /* Pods */,
				50CE6B89C1E77C70DD7F9975 /* Frameworks */,
			);
			sourceTree = "<group>";
		};
		52DB1EE9273BEBE60004D27E /* Products */ = {
			isa = PBXGroup;
			children = (
				52DB1EE8273BEBE60004D27E /* viaplay.app */,
			);
			name = Products;
			sourceTree = "<group>";
		};
		52DB1EEA273BEBE60004D27E /* viaplay */ = {
			isa = PBXGroup;
			children = (
				52DB1F00273BEFF40004D27E /* Sources */,
				52DB1EFF273BEF770004D27E /* Resources */,
			);
			path = viaplay;
			sourceTree = "<group>";
		};
		52DB1EFF273BEF770004D27E /* Resources */ = {
			isa = PBXGroup;
			children = (
				52DB1EEB273BEBE60004D27E /* AppDelegate.swift */,
				52DB1EF4273BEBEB0004D27E /* Assets.xcassets */,
				52DB1EF6273BEBEB0004D27E /* LaunchScreen.storyboard */,
				52DB1EF9273BEBEB0004D27E /* Info.plist */,
			);
			path = Resources;
			sourceTree = "<group>";
		};
		52DB1F00273BEFF40004D27E /* Sources */ = {
			isa = PBXGroup;
			children = (
				52DB1F01273BFCCE0004D27E /* Service */,
			);
			path = Sources;
			sourceTree = "<group>";
		};
		52DB1F01273BFCCE0004D27E /* Service */ = {
			isa = PBXGroup;
			children = (
				52DB1F14273C036B0004D27E /* Protocols */,
				52DB1F06273BFE6D0004D27E /* API */,
				52DB1F07273BFE740004D27E /* Target */,
				52DB1F08273BFE7E0004D27E /* DTO */,
			);
			path = Service;
			sourceTree = "<group>";
		};
		52DB1F06273BFE6D0004D27E /* API */ = {
			isa = PBXGroup;
			children = (
				52DB1F02273BFD270004D27E /* BaseAPI.swift */,
				52DB1F04273BFE1B0004D27E /* ViaplayAPI.swift */,
			);
			path = API;
			sourceTree = "<group>";
		};
		52DB1F07273BFE740004D27E /* Target */ = {
			isa = PBXGroup;
			children = (
				52DB1F09273BFEA00004D27E /* ViaplayTarget.swift */,
			);
			path = Target;
			sourceTree = "<group>";
		};
		52DB1F08273BFE7E0004D27E /* DTO */ = {
			isa = PBXGroup;
			children = (
				52DB1F0E273C01520004D27E /* DTO.swift */,
				52DB1F0B273C012C0004D27E /* SectionsDTO.swift */,
				52DB1F10273C02CD0004D27E /* SectionDTO.swift */,
			);
			path = DTO;
			sourceTree = "<group>";
		};
		52DB1F14273C036B0004D27E /* Protocols */ = {
			isa = PBXGroup;
			children = (
				52DB1F12273C03630004D27E /* ViaplayAPIProtocol.swift */,
			);
			path = Protocols;
			sourceTree = "<group>";
		};
		8A1173F90C67663E0A470CE1 /* Pods */ = {
			isa = PBXGroup;
			children = (
				45339406351165796D500D2E /* Pods-viaplay.debug.xcconfig */,
				DE365747C8AEBB1635AD9823 /* Pods-viaplay.release.xcconfig */,
			);
			path = Pods;
			sourceTree = "<group>";
		};
/* End PBXGroup section */

/* Begin PBXNativeTarget section */
		52DB1EE7273BEBE60004D27E /* viaplay */ = {
			isa = PBXNativeTarget;
			buildConfigurationList = 52DB1EFC273BEBEB0004D27E /* Build configuration list for PBXNativeTarget "viaplay" */;
			buildPhases = (
				2037695002CDE6456EC5CB01 /* [CP] Check Pods Manifest.lock */,
				52DB1EE4273BEBE60004D27E /* Sources */,
				52DB1EE5273BEBE60004D27E /* Frameworks */,
				52DB1EE6273BEBE60004D27E /* Resources */,
				59CAF4CE76BA02D3833CDC4E /* [CP] Embed Pods Frameworks */,
			);
			buildRules = (
			);
			dependencies = (
			);
			name = viaplay;
			productName = viaplay;
			productReference = 52DB1EE8273BEBE60004D27E /* viaplay.app */;
			productType = "com.apple.product-type.application";
		};
/* End PBXNativeTarget section */

/* Begin PBXProject section */
		52DB1EE0273BEBE60004D27E /* Project object */ = {
			isa = PBXProject;
			attributes = {
				BuildIndependentTargetsInParallel = 1;
				LastSwiftUpdateCheck = 1310;
				LastUpgradeCheck = 1310;
				TargetAttributes = {
					52DB1EE7273BEBE60004D27E = {
						CreatedOnToolsVersion = 13.1;
					};
				};
			};
			buildConfigurationList = 52DB1EE3273BEBE60004D27E /* Build configuration list for PBXProject "viaplay" */;
			compatibilityVersion = "Xcode 13.0";
			developmentRegion = en;
			hasScannedForEncodings = 0;
			knownRegions = (
				en,
				Base,
			);
			mainGroup = 52DB1EDF273BEBE60004D27E;
			productRefGroup = 52DB1EE9273BEBE60004D27E /* Products */;
			projectDirPath = "";
			projectRoot = "";
			targets = (
				52DB1EE7273BEBE60004D27E /* viaplay */,
			);
		};
/* End PBXProject section */

/* Begin PBXResourcesBuildPhase section */
		52DB1EE6273BEBE60004D27E /* Resources */ = {
			isa = PBXResourcesBuildPhase;
			buildActionMask = 2147483647;
			files = (
				52DB1EF8273BEBEB0004D27E /* LaunchScreen.storyboard in Resources */,
				52DB1EF5273BEBEB0004D27E /* Assets.xcassets in Resources */,
			);
			runOnlyForDeploymentPostprocessing = 0;
		};
/* End PBXResourcesBuildPhase section */

/* Begin PBXShellScriptBuildPhase section */
		2037695002CDE6456EC5CB01 /* [CP] Check Pods Manifest.lock */ = {
			isa = PBXShellScriptBuildPhase;
			buildActionMask = 2147483647;
			files = (
			);
			inputFileListPaths = (
			);
			inputPaths = (
				"${PODS_PODFILE_DIR_PATH}/Podfile.lock",
				"${PODS_ROOT}/Manifest.lock",
			);
			name = "[CP] Check Pods Manifest.lock";
			outputFileListPaths = (
			);
			outputPaths = (
				"$(DERIVED_FILE_DIR)/Pods-viaplay-checkManifestLockResult.txt",
			);
			runOnlyForDeploymentPostprocessing = 0;
			shellPath = /bin/sh;
			shellScript = "diff \"${PODS_PODFILE_DIR_PATH}/Podfile.lock\" \"${PODS_ROOT}/Manifest.lock\" > /dev/null\nif [ $? != 0 ] ; then\n    # print error to STDERR\n    echo \"error: The sandbox is not in sync with the Podfile.lock. Run 'pod install' or update your CocoaPods installation.\" >&2\n    exit 1\nfi\n# This output is used by Xcode 'outputs' to avoid re-running this script phase.\necho \"SUCCESS\" > \"${SCRIPT_OUTPUT_FILE_0}\"\n";
			showEnvVarsInLog = 0;
		};
		59CAF4CE76BA02D3833CDC4E /* [CP] Embed Pods Frameworks */ = {
			isa = PBXShellScriptBuildPhase;
			buildActionMask = 2147483647;
			files = (
			);
			inputFileListPaths = (
				"${PODS_ROOT}/Target Support Files/Pods-viaplay/Pods-viaplay-frameworks-${CONFIGURATION}-input-files.xcfilelist",
			);
			name = "[CP] Embed Pods Frameworks";
			outputFileListPaths = (
				"${PODS_ROOT}/Target Support Files/Pods-viaplay/Pods-viaplay-frameworks-${CONFIGURATION}-output-files.xcfilelist",
			);
			runOnlyForDeploymentPostprocessing = 0;
			shellPath = /bin/sh;
			shellScript = "\"${PODS_ROOT}/Target Support Files/Pods-viaplay/Pods-viaplay-frameworks.sh\"\n";
			showEnvVarsInLog = 0;
		};
/* End PBXShellScriptBuildPhase section */

/* Begin PBXSourcesBuildPhase section */
		52DB1EE4273BEBE60004D27E /* Sources */ = {
			isa = PBXSourcesBuildPhase;
			buildActionMask = 2147483647;
			files = (
				52DB1F05273BFE1B0004D27E /* ViaplayAPI.swift in Sources */,
				52DB1F03273BFD270004D27E /* BaseAPI.swift in Sources */,
				52DB1EEC273BEBE60004D27E /* AppDelegate.swift in Sources */,
				52DB1F0F273C01520004D27E /* DTO.swift in Sources */,
				52DB1F0C273C012C0004D27E /* SectionsDTO.swift in Sources */,
				52DB1F13273C03630004D27E /* ViaplayAPIProtocol.swift in Sources */,
				52DB1F11273C02CD0004D27E /* SectionDTO.swift in Sources */,
				52DB1F0A273BFEA00004D27E /* ViaplayTarget.swift in Sources */,
			);
			runOnlyForDeploymentPostprocessing = 0;
		};
/* End PBXSourcesBuildPhase section */

/* Begin PBXVariantGroup section */
		52DB1EF6273BEBEB0004D27E /* LaunchScreen.storyboard */ = {
			isa = PBXVariantGroup;
			children = (
				52DB1EF7273BEBEB0004D27E /* Base */,
			);
			name = LaunchScreen.storyboard;
			sourceTree = "<group>";
		};
/* End PBXVariantGroup section */

/* Begin XCBuildConfiguration section */
		52DB1EFA273BEBEB0004D27E /* Debug */ = {
			isa = XCBuildConfiguration;
			buildSettings = {
				ALWAYS_SEARCH_USER_PATHS = NO;
				CLANG_ANALYZER_NONNULL = YES;
				CLANG_ANALYZER_NUMBER_OBJECT_CONVERSION = YES_AGGRESSIVE;
				CLANG_CXX_LANGUAGE_STANDARD = "gnu++17";
				CLANG_CXX_LIBRARY = "libc++";
				CLANG_ENABLE_MODULES = YES;
				CLANG_ENABLE_OBJC_ARC = YES;
				CLANG_ENABLE_OBJC_WEAK = YES;
				CLANG_WARN_BLOCK_CAPTURE_AUTORELEASING = YES;
				CLANG_WARN_BOOL_CONVERSION = YES;
				CLANG_WARN_COMMA = YES;
				CLANG_WARN_CONSTANT_CONVERSION = YES;
				CLANG_WARN_DEPRECATED_OBJC_IMPLEMENTATIONS = YES;
				CLANG_WARN_DIRECT_OBJC_ISA_USAGE = YES_ERROR;
				CLANG_WARN_DOCUMENTATION_COMMENTS = YES;
				CLANG_WARN_EMPTY_BODY = YES;
				CLANG_WARN_ENUM_CONVERSION = YES;
				CLANG_WARN_INFINITE_RECURSION = YES;
				CLANG_WARN_INT_CONVERSION = YES;
				CLANG_WARN_NON_LITERAL_NULL_CONVERSION = YES;
				CLANG_WARN_OBJC_IMPLICIT_RETAIN_SELF = YES;
				CLANG_WARN_OBJC_LITERAL_CONVERSION = YES;
				CLANG_WARN_OBJC_ROOT_CLASS = YES_ERROR;
				CLANG_WARN_QUOTED_INCLUDE_IN_FRAMEWORK_HEADER = YES;
				CLANG_WARN_RANGE_LOOP_ANALYSIS = YES;
				CLANG_WARN_STRICT_PROTOTYPES = YES;
				CLANG_WARN_SUSPICIOUS_MOVE = YES;
				CLANG_WARN_UNGUARDED_AVAILABILITY = YES_AGGRESSIVE;
				CLANG_WARN_UNREACHABLE_CODE = YES;
				CLANG_WARN__DUPLICATE_METHOD_MATCH = YES;
				COPY_PHASE_STRIP = NO;
				DEBUG_INFORMATION_FORMAT = dwarf;
				ENABLE_STRICT_OBJC_MSGSEND = YES;
				ENABLE_TESTABILITY = YES;
				GCC_C_LANGUAGE_STANDARD = gnu11;
				GCC_DYNAMIC_NO_PIC = NO;
				GCC_NO_COMMON_BLOCKS = YES;
				GCC_OPTIMIZATION_LEVEL = 0;
				GCC_PREPROCESSOR_DEFINITIONS = (
					"DEBUG=1",
					"$(inherited)",
				);
				GCC_WARN_64_TO_32_BIT_CONVERSION = YES;
				GCC_WARN_ABOUT_RETURN_TYPE = YES_ERROR;
				GCC_WARN_UNDECLARED_SELECTOR = YES;
				GCC_WARN_UNINITIALIZED_AUTOS = YES_AGGRESSIVE;
				GCC_WARN_UNUSED_FUNCTION = YES;
				GCC_WARN_UNUSED_VARIABLE = YES;
				IPHONEOS_DEPLOYMENT_TARGET = 15.0;
				MTL_ENABLE_DEBUG_INFO = INCLUDE_SOURCE;
				MTL_FAST_MATH = YES;
				ONLY_ACTIVE_ARCH = YES;
				SDKROOT = iphoneos;
				SWIFT_ACTIVE_COMPILATION_CONDITIONS = DEBUG;
				SWIFT_OPTIMIZATION_LEVEL = "-Onone";
			};
			name = Debug;
		};
		52DB1EFB273BEBEB0004D27E /* Release */ = {
			isa = XCBuildConfiguration;
			buildSettings = {
				ALWAYS_SEARCH_USER_PATHS = NO;
				CLANG_ANALYZER_NONNULL = YES;
				CLANG_ANALYZER_NUMBER_OBJECT_CONVERSION = YES_AGGRESSIVE;
				CLANG_CXX_LANGUAGE_STANDARD = "gnu++17";
				CLANG_CXX_LIBRARY = "libc++";
				CLANG_ENABLE_MODULES = YES;
				CLANG_ENABLE_OBJC_ARC = YES;
				CLANG_ENABLE_OBJC_WEAK = YES;
				CLANG_WARN_BLOCK_CAPTURE_AUTORELEASING = YES;
				CLANG_WARN_BOOL_CONVERSION = YES;
				CLANG_WARN_COMMA = YES;
				CLANG_WARN_CONSTANT_CONVERSION = YES;
				CLANG_WARN_DEPRECATED_OBJC_IMPLEMENTATIONS = YES;
				CLANG_WARN_DIRECT_OBJC_ISA_USAGE = YES_ERROR;
				CLANG_WARN_DOCUMENTATION_COMMENTS = YES;
				CLANG_WARN_EMPTY_BODY = YES;
				CLANG_WARN_ENUM_CONVERSION = YES;
				CLANG_WARN_INFINITE_RECURSION = YES;
				CLANG_WARN_INT_CONVERSION = YES;
				CLANG_WARN_NON_LITERAL_NULL_CONVERSION = YES;
				CLANG_WARN_OBJC_IMPLICIT_RETAIN_SELF = YES;
				CLANG_WARN_OBJC_LITERAL_CONVERSION = YES;
				CLANG_WARN_OBJC_ROOT_CLASS = YES_ERROR;
				CLANG_WARN_QUOTED_INCLUDE_IN_FRAMEWORK_HEADER = YES;
				CLANG_WARN_RANGE_LOOP_ANALYSIS = YES;
				CLANG_WARN_STRICT_PROTOTYPES = YES;
				CLANG_WARN_SUSPICIOUS_MOVE = YES;
				CLANG_WARN_UNGUARDED_AVAILABILITY = YES_AGGRESSIVE;
				CLANG_WARN_UNREACHABLE_CODE = YES;
				CLANG_WARN__DUPLICATE_METHOD_MATCH = YES;
				COPY_PHASE_STRIP = NO;
				DEBUG_INFORMATION_FORMAT = "dwarf-with-dsym";
				ENABLE_NS_ASSERTIONS = NO;
				ENABLE_STRICT_OBJC_MSGSEND = YES;
				GCC_C_LANGUAGE_STANDARD = gnu11;
				GCC_NO_COMMON_BLOCKS = YES;
				GCC_WARN_64_TO_32_BIT_CONVERSION = YES;
				GCC_WARN_ABOUT_RETURN_TYPE = YES_ERROR;
				GCC_WARN_UNDECLARED_SELECTOR = YES;
				GCC_WARN_UNINITIALIZED_AUTOS = YES_AGGRESSIVE;
				GCC_WARN_UNUSED_FUNCTION = YES;
				GCC_WARN_UNUSED_VARIABLE = YES;
				IPHONEOS_DEPLOYMENT_TARGET = 15.0;
				MTL_ENABLE_DEBUG_INFO = NO;
				MTL_FAST_MATH = YES;
				SDKROOT = iphoneos;
				SWIFT_COMPILATION_MODE = wholemodule;
				SWIFT_OPTIMIZATION_LEVEL = "-O";
				VALIDATE_PRODUCT = YES;
			};
			name = Release;
		};
		52DB1EFD273BEBEB0004D27E /* Debug */ = {
			isa = XCBuildConfiguration;
			baseConfigurationReference = 45339406351165796D500D2E /* Pods-viaplay.debug.xcconfig */;
			buildSettings = {
				ASSETCATALOG_COMPILER_APPICON_NAME = AppIcon;
				ASSETCATALOG_COMPILER_GLOBAL_ACCENT_COLOR_NAME = AccentColor;
				CODE_SIGN_STYLE = Automatic;
				CURRENT_PROJECT_VERSION = 1;
				DEVELOPMENT_TEAM = 9JDR28PH3A;
				GENERATE_INFOPLIST_FILE = YES;
				INFOPLIST_FILE = viaplay/Resources/Info.plist;
				INFOPLIST_KEY_UIApplicationSupportsIndirectInputEvents = YES;
				INFOPLIST_KEY_UILaunchStoryboardName = LaunchScreen;
				INFOPLIST_KEY_UIMainStoryboardFile = "";
				INFOPLIST_KEY_UISupportedInterfaceOrientations = UIInterfaceOrientationPortrait;
				INFOPLIST_KEY_UISupportedInterfaceOrientations_iPad = "UIInterfaceOrientationPortrait UIInterfaceOrientationPortraitUpsideDown UIInterfaceOrientationLandscapeLeft UIInterfaceOrientationLandscapeRight";
				INFOPLIST_KEY_UISupportedInterfaceOrientations_iPhone = "UIInterfaceOrientationPortrait UIInterfaceOrientationLandscapeLeft UIInterfaceOrientationLandscapeRight";
				IPHONEOS_DEPLOYMENT_TARGET = 13.0;
				LD_RUNPATH_SEARCH_PATHS = (
					"$(inherited)",
					"@executable_path/Frameworks",
				);
				MARKETING_VERSION = 1.0;
				PRODUCT_BUNDLE_IDENTIFIER = "Artur-Nikolaienko.viaplay";
				PRODUCT_NAME = "$(TARGET_NAME)";
				SWIFT_EMIT_LOC_STRINGS = YES;
				SWIFT_VERSION = 5.0;
				TARGETED_DEVICE_FAMILY = 1;
			};
			name = Debug;
		};
		52DB1EFE273BEBEB0004D27E /* Release */ = {
			isa = XCBuildConfiguration;
			baseConfigurationReference = DE365747C8AEBB1635AD9823 /* Pods-viaplay.release.xcconfig */;
			buildSettings = {
				ASSETCATALOG_COMPILER_APPICON_NAME = AppIcon;
				ASSETCATALOG_COMPILER_GLOBAL_ACCENT_COLOR_NAME = AccentColor;
				CODE_SIGN_STYLE = Automatic;
				CURRENT_PROJECT_VERSION = 1;
				DEVELOPMENT_TEAM = 9JDR28PH3A;
				GENERATE_INFOPLIST_FILE = YES;
				INFOPLIST_FILE = viaplay/Resources/Info.plist;
				INFOPLIST_KEY_UIApplicationSupportsIndirectInputEvents = YES;
				INFOPLIST_KEY_UILaunchStoryboardName = LaunchScreen;
				INFOPLIST_KEY_UIMainStoryboardFile = "";
				INFOPLIST_KEY_UISupportedInterfaceOrientations = UIInterfaceOrientationPortrait;
				INFOPLIST_KEY_UISupportedInterfaceOrientations_iPad = "UIInterfaceOrientationPortrait UIInterfaceOrientationPortraitUpsideDown UIInterfaceOrientationLandscapeLeft UIInterfaceOrientationLandscapeRight";
				INFOPLIST_KEY_UISupportedInterfaceOrientations_iPhone = "UIInterfaceOrientationPortrait UIInterfaceOrientationLandscapeLeft UIInterfaceOrientationLandscapeRight";
				IPHONEOS_DEPLOYMENT_TARGET = 13.0;
				LD_RUNPATH_SEARCH_PATHS = (
					"$(inherited)",
					"@executable_path/Frameworks",
				);
				MARKETING_VERSION = 1.0;
				PRODUCT_BUNDLE_IDENTIFIER = "Artur-Nikolaienko.viaplay";
				PRODUCT_NAME = "$(TARGET_NAME)";
				SWIFT_EMIT_LOC_STRINGS = YES;
				SWIFT_VERSION = 5.0;
				TARGETED_DEVICE_FAMILY = 1;
			};
			name = Release;
		};
/* End XCBuildConfiguration section */

/* Begin XCConfigurationList section */
		52DB1EE3273BEBE60004D27E /* Build configuration list for PBXProject "viaplay" */ = {
			isa = XCConfigurationList;
			buildConfigurations = (
				52DB1EFA273BEBEB0004D27E /* Debug */,
				52DB1EFB273BEBEB0004D27E /* Release */,
			);
			defaultConfigurationIsVisible = 0;
			defaultConfigurationName = Release;
		};
		52DB1EFC273BEBEB0004D27E /* Build configuration list for PBXNativeTarget "viaplay" */ = {
			isa = XCConfigurationList;
			buildConfigurations = (
				52DB1EFD273BEBEB0004D27E /* Debug */,
				52DB1EFE273BEBEB0004D27E /* Release */,
			);
			defaultConfigurationIsVisible = 0;
			defaultConfigurationName = Release;
		};
/* End XCConfigurationList section */
	};
	rootObject = 52DB1EE0273BEBE60004D27E /* Project object */;
}
